
Microsoft Visual Studio Solution File, Format Version 12.00
# Visual Studio Version 17
VisualStudioVersion = 17.1.32210.238
MinimumVisualStudioVersion = 10.0.40219.1
Project("{FAE04EC0-301F-11D3-BF4B-00C04F79EFBC}") = "MongoDBApi", "MongoDBApi\MongoDBApi.csproj", "{220263B3-8D52-4352-8CC6-918BBD40A784}"
EndProject
Global
	GlobalSection(SolutionConfigurationPlatforms) = preSolution
		Debug|Any CPU = Debug|Any CPU
		Release|Any CPU = Release|Any CPU
	EndGlobalSection
	GlobalSection(ProjectConfigurationPlatforms) = postSolution
		{220263B3-8D52-4352-8CC6-918BBD40A784}.Debug|Any CPU.ActiveCfg = Debug|Any CPU
		{220263B3-8D52-4352-8CC6-918BBD40A784}.Debug|Any CPU.Build.0 = Debug|Any CPU
		{220263B3-8D52-4352-8CC6-918BBD40A784}.Release|Any CPU.ActiveCfg = Release|Any CPU
		{220263B3-8D52-4352-8CC6-918BBD40A784}.Release|Any CPU.Build.0 = Release|Any CPU
	EndGlobalSection
	GlobalSection(SolutionProperties) = preSolution
		HideSolutionNode = FALSE
	EndGlobalSection
	GlobalSection(ExtensibilityGlobals) = postSolution
		SolutionGuid = {0F62C896-24CA-4C43-9C5C-9FB21A9C3994}
	EndGlobalSection
EndGlobal
